
Microsoft Visual Studio Solution File, Format Version 12.00
# Visual Studio Version 17
VisualStudioVersion = 17.9.34728.123
MinimumVisualStudioVersion = 10.0.40219.1
Project("{FAE04EC0-301F-11D3-BF4B-00C04F79EFBC}") = "BookBurrowAPI", "BookBurrowAPI.csproj", "{71E32979-E501-4281-A6B6-08B98D60A5A4}"
EndProject
Global
	GlobalSection(SolutionConfigurationPlatforms) = preSolution
		Debug|Any CPU = Debug|Any CPU
		Release|Any CPU = Release|Any CPU
	EndGlobalSection
	GlobalSection(ProjectConfigurationPlatforms) = postSolution
		{71E32979-E501-4281-A6B6-08B98D60A5A4}.Debug|Any CPU.ActiveCfg = Debug|Any CPU
		{71E32979-E501-4281-A6B6-08B98D60A5A4}.Debug|Any CPU.Build.0 = Debug|Any CPU
		{71E32979-E501-4281-A6B6-08B98D60A5A4}.Release|Any CPU.ActiveCfg = Release|Any CPU
		{71E32979-E501-4281-A6B6-08B98D60A5A4}.Release|Any CPU.Build.0 = Release|Any CPU
	EndGlobalSection
	GlobalSection(SolutionProperties) = preSolution
		HideSolutionNode = FALSE
	EndGlobalSection
	GlobalSection(ExtensibilityGlobals) = postSolution
		SolutionGuid = {E7F9211E-7849-4FD1-BB61-1F2F45EAD088}
	EndGlobalSection
EndGlobal
